
Microsoft Visual Studio Solution File, Format Version 12.00
# Visual Studio 2012
Project("{FAE04EC0-301F-11D3-BF4B-00C04F79EFBC}") = "01.NestedLoops", "01.NestedLoops\01.NestedLoops.csproj", "{73C458A2-DC0D-4D94-83E0-03F07656329C}"
EndProject
Project("{FAE04EC0-301F-11D3-BF4B-00C04F79EFBC}") = "02.DuplicatedCombinations", "02.DuplicatedCombinations\02.DuplicatedCombinations.csproj", "{0859F7FC-F792-4FB5-BB9D-DC4500EB7153}"
EndProject
Project("{FAE04EC0-301F-11D3-BF4B-00C04F79EFBC}") = "03.Combinations", "03.Combinations\03.Combinations.csproj", "{9D578B40-77E7-425B-81AC-4BD4E354D521}"
EndProject
Project("{FAE04EC0-301F-11D3-BF4B-00C04F79EFBC}") = "04.Permutations", "04.Permutations\04.Permutations.csproj", "{A4E7204F-C684-45F8-BC3D-3217F5283BB2}"
EndProject
Project("{FAE04EC0-301F-11D3-BF4B-00C04F79EFBC}") = "05.VariationsOfKElements", "05.VariationsOfKElements\05.VariationsOfKElements.csproj", "{D27BC88D-E2DB-4D46-9BF7-EA8F324DB532}"
EndProject
Project("{FAE04EC0-301F-11D3-BF4B-00C04F79EFBC}") = "06.SubsetsOfKElements", "06.SubsetsOfKElements\06.SubsetsOfKElements.csproj", "{FAB267F0-65B2-4F02-B92B-2FAB802ECB27}"
EndProject
Project("{FAE04EC0-301F-11D3-BF4B-00C04F79EFBC}") = "07.FindAllPatrhsInMatrix", "07.FindAllPatrhsInMatrix\07.FindAllPatrhsInMatrix.csproj", "{51C353A6-E6EF-4DB8-8B8F-FF8810FA1921}"
EndProject
Project("{FAE04EC0-301F-11D3-BF4B-00C04F79EFBC}") = "08.ChecksfPathExist", "08.ChecksfPathExist\08.ChecksfPathExist.csproj", "{2D88A1D8-F669-4027-A80C-075E1E7AA900}"
EndProject
Project("{FAE04EC0-301F-11D3-BF4B-00C04F79EFBC}") = "09.LargestConnectedArea", "09.LargestConnectedArea\09.LargestConnectedArea.csproj", "{80D1B6BF-AF80-4360-BBA0-481A3C8A29B1}"
EndProject
Project("{FAE04EC0-301F-11D3-BF4B-00C04F79EFBC}") = "10.FindingAllAreas", "10.FindingAllAreas\10.FindingAllAreas.csproj", "{6E96D62A-7D7C-4719-B384-6F8189D98079}"
EndProject
Project("{FAE04EC0-301F-11D3-BF4B-00C04F79EFBC}") = "11.PermutationsWithRepetitions", "11.PermutationsWithRepetitions\11.PermutationsWithRepetitions.csproj", "{894C38D6-B205-4A29-A5F3-31AE71E284E5}"
EndProject
Global
	GlobalSection(SolutionConfigurationPlatforms) = preSolution
		Debug|Any CPU = Debug|Any CPU
		Release|Any CPU = Release|Any CPU
	EndGlobalSection
	GlobalSection(ProjectConfigurationPlatforms) = postSolution
		{73C458A2-DC0D-4D94-83E0-03F07656329C}.Debug|Any CPU.ActiveCfg = Debug|Any CPU
		{73C458A2-DC0D-4D94-83E0-03F07656329C}.Debug|Any CPU.Build.0 = Debug|Any CPU
		{73C458A2-DC0D-4D94-83E0-03F07656329C}.Release|Any CPU.ActiveCfg = Release|Any CPU
		{73C458A2-DC0D-4D94-83E0-03F07656329C}.Release|Any CPU.Build.0 = Release|Any CPU
		{0859F7FC-F792-4FB5-BB9D-DC4500EB7153}.Debug|Any CPU.ActiveCfg = Debug|Any CPU
		{0859F7FC-F792-4FB5-BB9D-DC4500EB7153}.Debug|Any CPU.Build.0 = Debug|Any CPU
		{0859F7FC-F792-4FB5-BB9D-DC4500EB7153}.Release|Any CPU.ActiveCfg = Release|Any CPU
		{0859F7FC-F792-4FB5-BB9D-DC4500EB7153}.Release|Any CPU.Build.0 = Release|Any CPU
		{9D578B40-77E7-425B-81AC-4BD4E354D521}.Debug|Any CPU.ActiveCfg = Debug|Any CPU
		{9D578B40-77E7-425B-81AC-4BD4E354D521}.Debug|Any CPU.Build.0 = Debug|Any CPU
		{9D578B40-77E7-425B-81AC-4BD4E354D521}.Release|Any CPU.ActiveCfg = Release|Any CPU
		{9D578B40-77E7-425B-81AC-4BD4E354D521}.Release|Any CPU.Build.0 = Release|Any CPU
		{A4E7204F-C684-45F8-BC3D-3217F5283BB2}.Debug|Any CPU.ActiveCfg = Debug|Any CPU
		{A4E7204F-C684-45F8-BC3D-3217F5283BB2}.Debug|Any CPU.Build.0 = Debug|Any CPU
		{A4E7204F-C684-45F8-BC3D-3217F5283BB2}.Release|Any CPU.ActiveCfg = Release|Any CPU
		{A4E7204F-C684-45F8-BC3D-3217F5283BB2}.Release|Any CPU.Build.0 = Release|Any CPU
		{D27BC88D-E2DB-4D46-9BF7-EA8F324DB532}.Debug|Any CPU.ActiveCfg = Debug|Any CPU
		{D27BC88D-E2DB-4D46-9BF7-EA8F324DB532}.Debug|Any CPU.Build.0 = Debug|Any CPU
		{D27BC88D-E2DB-4D46-9BF7-EA8F324DB532}.Release|Any CPU.ActiveCfg = Release|Any CPU
		{D27BC88D-E2DB-4D46-9BF7-EA8F324DB532}.Release|Any CPU.Build.0 = Release|Any CPU
		{FAB267F0-65B2-4F02-B92B-2FAB802ECB27}.Debug|Any CPU.ActiveCfg = Debug|Any CPU
		{FAB267F0-65B2-4F02-B92B-2FAB802ECB27}.Debug|Any CPU.Build.0 = Debug|Any CPU
		{FAB267F0-65B2-4F02-B92B-2FAB802ECB27}.Release|Any CPU.ActiveCfg = Release|Any CPU
		{FAB267F0-65B2-4F02-B92B-2FAB802ECB27}.Release|Any CPU.Build.0 = Release|Any CPU
		{51C353A6-E6EF-4DB8-8B8F-FF8810FA1921}.Debug|Any CPU.ActiveCfg = Debug|Any CPU
		{51C353A6-E6EF-4DB8-8B8F-FF8810FA1921}.Debug|Any CPU.Build.0 = Debug|Any CPU
		{51C353A6-E6EF-4DB8-8B8F-FF8810FA1921}.Release|Any CPU.ActiveCfg = Release|Any CPU
		{51C353A6-E6EF-4DB8-8B8F-FF8810FA1921}.Release|Any CPU.Build.0 = Release|Any CPU
		{2D88A1D8-F669-4027-A80C-075E1E7AA900}.Debug|Any CPU.ActiveCfg = Debug|Any CPU
		{2D88A1D8-F669-4027-A80C-075E1E7AA900}.Debug|Any CPU.Build.0 = Debug|Any CPU
		{2D88A1D8-F669-4027-A80C-075E1E7AA900}.Release|Any CPU.ActiveCfg = Release|Any CPU
		{2D88A1D8-F669-4027-A80C-075E1E7AA900}.Release|Any CPU.Build.0 = Release|Any CPU
		{80D1B6BF-AF80-4360-BBA0-481A3C8A29B1}.Debug|Any CPU.ActiveCfg = Debug|Any CPU
		{80D1B6BF-AF80-4360-BBA0-481A3C8A29B1}.Debug|Any CPU.Build.0 = Debug|Any CPU
		{80D1B6BF-AF80-4360-BBA0-481A3C8A29B1}.Release|Any CPU.ActiveCfg = Release|Any CPU
		{80D1B6BF-AF80-4360-BBA0-481A3C8A29B1}.Release|Any CPU.Build.0 = Release|Any CPU
		{6E96D62A-7D7C-4719-B384-6F8189D98079}.Debug|Any CPU.ActiveCfg = Debug|Any CPU
		{6E96D62A-7D7C-4719-B384-6F8189D98079}.Debug|Any CPU.Build.0 = Debug|Any CPU
		{6E96D62A-7D7C-4719-B384-6F8189D98079}.Release|Any CPU.ActiveCfg = Release|Any CPU
		{6E96D62A-7D7C-4719-B384-6F8189D98079}.Release|Any CPU.Build.0 = Release|Any CPU
		{894C38D6-B205-4A29-A5F3-31AE71E284E5}.Debug|Any CPU.ActiveCfg = Debug|Any CPU
		{894C38D6-B205-4A29-A5F3-31AE71E284E5}.Debug|Any CPU.Build.0 = Debug|Any CPU
		{894C38D6-B205-4A29-A5F3-31AE71E284E5}.Release|Any CPU.ActiveCfg = Release|Any CPU
		{894C38D6-B205-4A29-A5F3-31AE71E284E5}.Release|Any CPU.Build.0 = Release|Any CPU
	EndGlobalSection
	GlobalSection(SolutionProperties) = preSolution
		HideSolutionNode = FALSE
	EndGlobalSection
EndGlobal
