
Microsoft Visual Studio Solution File, Format Version 12.00
# Visual Studio 2012
Project("{FAE04EC0-301F-11D3-BF4B-00C04F79EFBC}") = "Kitchen", "Chef\Kitchen.csproj", "{A0E351D8-60C3-4B66-A136-BC7202A28F40}"
EndProject
Project("{FAE04EC0-301F-11D3-BF4B-00C04F79EFBC}") = "RefactorIfStatements", "RefactorIfStatements\RefactorIfStatements.csproj", "{CF968CA6-A4B0-4E0C-B488-435AFB9E43B7}"
EndProject
Project("{FAE04EC0-301F-11D3-BF4B-00C04F79EFBC}") = "RefactoringLoop", "RefactoringLoop\RefactoringLoop.csproj", "{A1FAF3F4-FD02-426B-8D45-CDD814E75BC7}"
EndProject
Global
	GlobalSection(SolutionConfigurationPlatforms) = preSolution
		Debug|Any CPU = Debug|Any CPU
		Release|Any CPU = Release|Any CPU
	EndGlobalSection
	GlobalSection(ProjectConfigurationPlatforms) = postSolution
		{A0E351D8-60C3-4B66-A136-BC7202A28F40}.Debug|Any CPU.ActiveCfg = Debug|Any CPU
		{A0E351D8-60C3-4B66-A136-BC7202A28F40}.Debug|Any CPU.Build.0 = Debug|Any CPU
		{A0E351D8-60C3-4B66-A136-BC7202A28F40}.Release|Any CPU.ActiveCfg = Release|Any CPU
		{A0E351D8-60C3-4B66-A136-BC7202A28F40}.Release|Any CPU.Build.0 = Release|Any CPU
		{CF968CA6-A4B0-4E0C-B488-435AFB9E43B7}.Debug|Any CPU.ActiveCfg = Debug|Any CPU
		{CF968CA6-A4B0-4E0C-B488-435AFB9E43B7}.Debug|Any CPU.Build.0 = Debug|Any CPU
		{CF968CA6-A4B0-4E0C-B488-435AFB9E43B7}.Release|Any CPU.ActiveCfg = Release|Any CPU
		{CF968CA6-A4B0-4E0C-B488-435AFB9E43B7}.Release|Any CPU.Build.0 = Release|Any CPU
		{A1FAF3F4-FD02-426B-8D45-CDD814E75BC7}.Debug|Any CPU.ActiveCfg = Debug|Any CPU
		{A1FAF3F4-FD02-426B-8D45-CDD814E75BC7}.Debug|Any CPU.Build.0 = Debug|Any CPU
		{A1FAF3F4-FD02-426B-8D45-CDD814E75BC7}.Release|Any CPU.ActiveCfg = Release|Any CPU
		{A1FAF3F4-FD02-426B-8D45-CDD814E75BC7}.Release|Any CPU.Build.0 = Release|Any CPU
	EndGlobalSection
	GlobalSection(SolutionProperties) = preSolution
		HideSolutionNode = FALSE
	EndGlobalSection
EndGlobal
