
Microsoft Visual Studio Solution File, Format Version 12.00
# Visual Studio 2012
Project("{FAE04EC0-301F-11D3-BF4B-00C04F79EFBC}") = "BinaryPasswords", "BinaryPasswords\BinaryPasswords.csproj", "{BF33B3CD-8869-4E14-8A73-F2BE73B86766}"
EndProject
Project("{FAE04EC0-301F-11D3-BF4B-00C04F79EFBC}") = "SumOfSubsets", "SumOfSubsets\SumOfSubsets.csproj", "{594B16C5-65C4-42CD-8AE4-F2AFC677DE3E}"
EndProject
Global
	GlobalSection(SolutionConfigurationPlatforms) = preSolution
		Debug|Any CPU = Debug|Any CPU
		Release|Any CPU = Release|Any CPU
	EndGlobalSection
	GlobalSection(ProjectConfigurationPlatforms) = postSolution
		{BF33B3CD-8869-4E14-8A73-F2BE73B86766}.Debug|Any CPU.ActiveCfg = Debug|Any CPU
		{BF33B3CD-8869-4E14-8A73-F2BE73B86766}.Debug|Any CPU.Build.0 = Debug|Any CPU
		{BF33B3CD-8869-4E14-8A73-F2BE73B86766}.Release|Any CPU.ActiveCfg = Release|Any CPU
		{BF33B3CD-8869-4E14-8A73-F2BE73B86766}.Release|Any CPU.Build.0 = Release|Any CPU
		{594B16C5-65C4-42CD-8AE4-F2AFC677DE3E}.Debug|Any CPU.ActiveCfg = Debug|Any CPU
		{594B16C5-65C4-42CD-8AE4-F2AFC677DE3E}.Debug|Any CPU.Build.0 = Debug|Any CPU
		{594B16C5-65C4-42CD-8AE4-F2AFC677DE3E}.Release|Any CPU.ActiveCfg = Release|Any CPU
		{594B16C5-65C4-42CD-8AE4-F2AFC677DE3E}.Release|Any CPU.Build.0 = Release|Any CPU
	EndGlobalSection
	GlobalSection(SolutionProperties) = preSolution
		HideSolutionNode = FALSE
	EndGlobalSection
EndGlobal
