
Microsoft Visual Studio Solution File, Format Version 12.00
# Visual Studio 2012
Project("{FAE04EC0-301F-11D3-BF4B-00C04F79EFBC}") = "01.CountsNumberOccurence", "01.CountsNumberOccurence\01.CountsNumberOccurence.csproj", "{0535DCBA-8707-46F6-837B-88BD8DBAB7EE}"
EndProject
Project("{FAE04EC0-301F-11D3-BF4B-00C04F79EFBC}") = "02.ExtractStringData", "02.ExtractStringData\02.ExtractStringData.csproj", "{133DFA91-1633-464B-AC3E-7D0EC47D247F}"
EndProject
Project("{FAE04EC0-301F-11D3-BF4B-00C04F79EFBC}") = "03.CountingWordsFromTextFile", "03.CountingWordsFromTextFile\03.CountingWordsFromTextFile.csproj", "{A74863FA-D0AB-45EC-92D9-8A95D9BC7D8F}"
EndProject
Project("{FAE04EC0-301F-11D3-BF4B-00C04F79EFBC}") = "05.DataStructureSet", "05.DataStructureSet\05.DataStructureSet.csproj", "{C5D34D70-6E20-41F8-91F0-9EE78AC445E5}"
EndProject
Project("{FAE04EC0-301F-11D3-BF4B-00C04F79EFBC}") = "04.DataStructureHashTable", "04.DataStructureHashTable\04.DataStructureHashTable.csproj", "{620AA074-07C1-44F9-AF17-E82315CDB584}"
EndProject
Global
	GlobalSection(SolutionConfigurationPlatforms) = preSolution
		Debug|Any CPU = Debug|Any CPU
		Release|Any CPU = Release|Any CPU
	EndGlobalSection
	GlobalSection(ProjectConfigurationPlatforms) = postSolution
		{0535DCBA-8707-46F6-837B-88BD8DBAB7EE}.Debug|Any CPU.ActiveCfg = Debug|Any CPU
		{0535DCBA-8707-46F6-837B-88BD8DBAB7EE}.Debug|Any CPU.Build.0 = Debug|Any CPU
		{0535DCBA-8707-46F6-837B-88BD8DBAB7EE}.Release|Any CPU.ActiveCfg = Release|Any CPU
		{0535DCBA-8707-46F6-837B-88BD8DBAB7EE}.Release|Any CPU.Build.0 = Release|Any CPU
		{133DFA91-1633-464B-AC3E-7D0EC47D247F}.Debug|Any CPU.ActiveCfg = Debug|Any CPU
		{133DFA91-1633-464B-AC3E-7D0EC47D247F}.Debug|Any CPU.Build.0 = Debug|Any CPU
		{133DFA91-1633-464B-AC3E-7D0EC47D247F}.Release|Any CPU.ActiveCfg = Release|Any CPU
		{133DFA91-1633-464B-AC3E-7D0EC47D247F}.Release|Any CPU.Build.0 = Release|Any CPU
		{A74863FA-D0AB-45EC-92D9-8A95D9BC7D8F}.Debug|Any CPU.ActiveCfg = Debug|Any CPU
		{A74863FA-D0AB-45EC-92D9-8A95D9BC7D8F}.Debug|Any CPU.Build.0 = Debug|Any CPU
		{A74863FA-D0AB-45EC-92D9-8A95D9BC7D8F}.Release|Any CPU.ActiveCfg = Release|Any CPU
		{A74863FA-D0AB-45EC-92D9-8A95D9BC7D8F}.Release|Any CPU.Build.0 = Release|Any CPU
		{C5D34D70-6E20-41F8-91F0-9EE78AC445E5}.Debug|Any CPU.ActiveCfg = Debug|Any CPU
		{C5D34D70-6E20-41F8-91F0-9EE78AC445E5}.Debug|Any CPU.Build.0 = Debug|Any CPU
		{C5D34D70-6E20-41F8-91F0-9EE78AC445E5}.Release|Any CPU.ActiveCfg = Release|Any CPU
		{C5D34D70-6E20-41F8-91F0-9EE78AC445E5}.Release|Any CPU.Build.0 = Release|Any CPU
		{620AA074-07C1-44F9-AF17-E82315CDB584}.Debug|Any CPU.ActiveCfg = Debug|Any CPU
		{620AA074-07C1-44F9-AF17-E82315CDB584}.Debug|Any CPU.Build.0 = Debug|Any CPU
		{620AA074-07C1-44F9-AF17-E82315CDB584}.Release|Any CPU.ActiveCfg = Release|Any CPU
		{620AA074-07C1-44F9-AF17-E82315CDB584}.Release|Any CPU.Build.0 = Release|Any CPU
	EndGlobalSection
	GlobalSection(SolutionProperties) = preSolution
		HideSolutionNode = FALSE
	EndGlobalSection
EndGlobal
