
Microsoft Visual Studio Solution File, Format Version 12.00
# Visual Studio 2012
Project("{FAE04EC0-301F-11D3-BF4B-00C04F79EFBC}") = "StudentsData", "StudentsData\StudentsData.csproj", "{619597D7-A0B2-408E-86E0-89F719B5A040}"
EndProject
Project("{FAE04EC0-301F-11D3-BF4B-00C04F79EFBC}") = "CompanyStorage", "CompanyStorage\CompanyStorage.csproj", "{B7405E6D-AB40-4C33-B696-791552670FE8}"
EndProject
Project("{FAE04EC0-301F-11D3-BF4B-00C04F79EFBC}") = "BiDictionaryImplementation", "BiDictionaryImplementation\BiDictionaryImplementation.csproj", "{D087AC3C-2196-4CD9-920F-C640A76E7762}"
EndProject
Global
	GlobalSection(SolutionConfigurationPlatforms) = preSolution
		Debug|Any CPU = Debug|Any CPU
		Release|Any CPU = Release|Any CPU
	EndGlobalSection
	GlobalSection(ProjectConfigurationPlatforms) = postSolution
		{619597D7-A0B2-408E-86E0-89F719B5A040}.Debug|Any CPU.ActiveCfg = Debug|Any CPU
		{619597D7-A0B2-408E-86E0-89F719B5A040}.Debug|Any CPU.Build.0 = Debug|Any CPU
		{619597D7-A0B2-408E-86E0-89F719B5A040}.Release|Any CPU.ActiveCfg = Release|Any CPU
		{619597D7-A0B2-408E-86E0-89F719B5A040}.Release|Any CPU.Build.0 = Release|Any CPU
		{B7405E6D-AB40-4C33-B696-791552670FE8}.Debug|Any CPU.ActiveCfg = Debug|Any CPU
		{B7405E6D-AB40-4C33-B696-791552670FE8}.Debug|Any CPU.Build.0 = Debug|Any CPU
		{B7405E6D-AB40-4C33-B696-791552670FE8}.Release|Any CPU.ActiveCfg = Release|Any CPU
		{B7405E6D-AB40-4C33-B696-791552670FE8}.Release|Any CPU.Build.0 = Release|Any CPU
		{D087AC3C-2196-4CD9-920F-C640A76E7762}.Debug|Any CPU.ActiveCfg = Debug|Any CPU
		{D087AC3C-2196-4CD9-920F-C640A76E7762}.Debug|Any CPU.Build.0 = Debug|Any CPU
		{D087AC3C-2196-4CD9-920F-C640A76E7762}.Release|Any CPU.ActiveCfg = Release|Any CPU
		{D087AC3C-2196-4CD9-920F-C640A76E7762}.Release|Any CPU.Build.0 = Release|Any CPU
	EndGlobalSection
	GlobalSection(SolutionProperties) = preSolution
		HideSolutionNode = FALSE
	EndGlobalSection
EndGlobal
