
Microsoft Visual Studio Solution File, Format Version 12.00
# Visual Studio 2012
Project("{FAE04EC0-301F-11D3-BF4B-00C04F79EFBC}") = "ExtensionMethodsDelegates", "ExtensionMethodsDelegates\ExtensionMethodsDelegates.csproj", "{6F3D75B4-7B72-4E51-AB90-E5DD01C490B9}"
EndProject
Project("{FAE04EC0-301F-11D3-BF4B-00C04F79EFBC}") = "Timer", "Timer\Timer.csproj", "{FC85398D-5A82-4126-AF88-D42833143FCD}"
EndProject
Global
	GlobalSection(SolutionConfigurationPlatforms) = preSolution
		Debug|Any CPU = Debug|Any CPU
		Release|Any CPU = Release|Any CPU
	EndGlobalSection
	GlobalSection(ProjectConfigurationPlatforms) = postSolution
		{6F3D75B4-7B72-4E51-AB90-E5DD01C490B9}.Debug|Any CPU.ActiveCfg = Debug|Any CPU
		{6F3D75B4-7B72-4E51-AB90-E5DD01C490B9}.Debug|Any CPU.Build.0 = Debug|Any CPU
		{6F3D75B4-7B72-4E51-AB90-E5DD01C490B9}.Release|Any CPU.ActiveCfg = Release|Any CPU
		{6F3D75B4-7B72-4E51-AB90-E5DD01C490B9}.Release|Any CPU.Build.0 = Release|Any CPU
		{FC85398D-5A82-4126-AF88-D42833143FCD}.Debug|Any CPU.ActiveCfg = Debug|Any CPU
		{FC85398D-5A82-4126-AF88-D42833143FCD}.Debug|Any CPU.Build.0 = Debug|Any CPU
		{FC85398D-5A82-4126-AF88-D42833143FCD}.Release|Any CPU.ActiveCfg = Release|Any CPU
		{FC85398D-5A82-4126-AF88-D42833143FCD}.Release|Any CPU.Build.0 = Release|Any CPU
	EndGlobalSection
	GlobalSection(SolutionProperties) = preSolution
		HideSolutionNode = FALSE
	EndGlobalSection
EndGlobal
