
Microsoft Visual Studio Solution File, Format Version 12.00
# Visual Studio 2012
Project("{FAE04EC0-301F-11D3-BF4B-00C04F79EFBC}") = "RefactoringSize", "RefactoringSize\RefactoringSize.csproj", "{6A4C6677-FB99-4CA5-8CB3-BE18D538214F}"
EndProject
Project("{FAE04EC0-301F-11D3-BF4B-00C04F79EFBC}") = "RefBestPractices", "RefBestPractices\RefBestPractices.csproj", "{3D260C39-A1D0-4165-A671-9C7093DED7EB}"
EndProject
Global
	GlobalSection(SolutionConfigurationPlatforms) = preSolution
		Debug|Any CPU = Debug|Any CPU
		Release|Any CPU = Release|Any CPU
	EndGlobalSection
	GlobalSection(ProjectConfigurationPlatforms) = postSolution
		{6A4C6677-FB99-4CA5-8CB3-BE18D538214F}.Debug|Any CPU.ActiveCfg = Debug|Any CPU
		{6A4C6677-FB99-4CA5-8CB3-BE18D538214F}.Debug|Any CPU.Build.0 = Debug|Any CPU
		{6A4C6677-FB99-4CA5-8CB3-BE18D538214F}.Release|Any CPU.ActiveCfg = Release|Any CPU
		{6A4C6677-FB99-4CA5-8CB3-BE18D538214F}.Release|Any CPU.Build.0 = Release|Any CPU
		{3D260C39-A1D0-4165-A671-9C7093DED7EB}.Debug|Any CPU.ActiveCfg = Debug|Any CPU
		{3D260C39-A1D0-4165-A671-9C7093DED7EB}.Debug|Any CPU.Build.0 = Debug|Any CPU
		{3D260C39-A1D0-4165-A671-9C7093DED7EB}.Release|Any CPU.ActiveCfg = Release|Any CPU
		{3D260C39-A1D0-4165-A671-9C7093DED7EB}.Release|Any CPU.Build.0 = Release|Any CPU
	EndGlobalSection
	GlobalSection(SolutionProperties) = preSolution
		HideSolutionNode = FALSE
	EndGlobalSection
EndGlobal
