
Microsoft Visual Studio Solution File, Format Version 12.00
# Visual Studio 2012
Project("{FAE04EC0-301F-11D3-BF4B-00C04F79EFBC}") = "DefiningClassesPartII", "DefiningClassesPartII\DefiningClassesPartII.csproj", "{05B3AAFD-7C30-40AA-8801-DE0DEF43498B}"
EndProject
Global
	GlobalSection(SolutionConfigurationPlatforms) = preSolution
		Debug|Any CPU = Debug|Any CPU
		Release|Any CPU = Release|Any CPU
	EndGlobalSection
	GlobalSection(ProjectConfigurationPlatforms) = postSolution
		{05B3AAFD-7C30-40AA-8801-DE0DEF43498B}.Debug|Any CPU.ActiveCfg = Debug|Any CPU
		{05B3AAFD-7C30-40AA-8801-DE0DEF43498B}.Debug|Any CPU.Build.0 = Debug|Any CPU
		{05B3AAFD-7C30-40AA-8801-DE0DEF43498B}.Release|Any CPU.ActiveCfg = Release|Any CPU
		{05B3AAFD-7C30-40AA-8801-DE0DEF43498B}.Release|Any CPU.Build.0 = Release|Any CPU
	EndGlobalSection
	GlobalSection(SolutionProperties) = preSolution
		HideSolutionNode = FALSE
	EndGlobalSection
EndGlobal
