
Microsoft Visual Studio Solution File, Format Version 12.00
# Visual Studio 2012
Project("{FAE04EC0-301F-11D3-BF4B-00C04F79EFBC}") = "StudentsSystem", "StudentsSystem\StudentsSystem.csproj", "{87A06E30-FA2F-4503-9FFC-CA16ABA6756A}"
EndProject
Project("{FAE04EC0-301F-11D3-BF4B-00C04F79EFBC}") = "Person", "Person\Person.csproj", "{E15CF8B4-BBB2-4895-BE0D-4BBDFA59C6D3}"
EndProject
Project("{FAE04EC0-301F-11D3-BF4B-00C04F79EFBC}") = "BitArray64", "BitArray64\BitArray64.csproj", "{DA4AFA30-7A96-49AF-9C2F-2C6BC4BA8698}"
EndProject
Project("{FAE04EC0-301F-11D3-BF4B-00C04F79EFBC}") = "BinarySearchTree", "BinarySearchTree\BinarySearchTree.csproj", "{5B783458-C384-4103-A976-D9923234F25E}"
EndProject
Global
	GlobalSection(SolutionConfigurationPlatforms) = preSolution
		Debug|Any CPU = Debug|Any CPU
		Release|Any CPU = Release|Any CPU
	EndGlobalSection
	GlobalSection(ProjectConfigurationPlatforms) = postSolution
		{87A06E30-FA2F-4503-9FFC-CA16ABA6756A}.Debug|Any CPU.ActiveCfg = Debug|Any CPU
		{87A06E30-FA2F-4503-9FFC-CA16ABA6756A}.Debug|Any CPU.Build.0 = Debug|Any CPU
		{87A06E30-FA2F-4503-9FFC-CA16ABA6756A}.Release|Any CPU.ActiveCfg = Release|Any CPU
		{87A06E30-FA2F-4503-9FFC-CA16ABA6756A}.Release|Any CPU.Build.0 = Release|Any CPU
		{E15CF8B4-BBB2-4895-BE0D-4BBDFA59C6D3}.Debug|Any CPU.ActiveCfg = Debug|Any CPU
		{E15CF8B4-BBB2-4895-BE0D-4BBDFA59C6D3}.Debug|Any CPU.Build.0 = Debug|Any CPU
		{E15CF8B4-BBB2-4895-BE0D-4BBDFA59C6D3}.Release|Any CPU.ActiveCfg = Release|Any CPU
		{E15CF8B4-BBB2-4895-BE0D-4BBDFA59C6D3}.Release|Any CPU.Build.0 = Release|Any CPU
		{DA4AFA30-7A96-49AF-9C2F-2C6BC4BA8698}.Debug|Any CPU.ActiveCfg = Debug|Any CPU
		{DA4AFA30-7A96-49AF-9C2F-2C6BC4BA8698}.Debug|Any CPU.Build.0 = Debug|Any CPU
		{DA4AFA30-7A96-49AF-9C2F-2C6BC4BA8698}.Release|Any CPU.ActiveCfg = Release|Any CPU
		{DA4AFA30-7A96-49AF-9C2F-2C6BC4BA8698}.Release|Any CPU.Build.0 = Release|Any CPU
		{5B783458-C384-4103-A976-D9923234F25E}.Debug|Any CPU.ActiveCfg = Debug|Any CPU
		{5B783458-C384-4103-A976-D9923234F25E}.Debug|Any CPU.Build.0 = Debug|Any CPU
		{5B783458-C384-4103-A976-D9923234F25E}.Release|Any CPU.ActiveCfg = Release|Any CPU
		{5B783458-C384-4103-A976-D9923234F25E}.Release|Any CPU.Build.0 = Release|Any CPU
	EndGlobalSection
	GlobalSection(SolutionProperties) = preSolution
		HideSolutionNode = FALSE
	EndGlobalSection
EndGlobal
