
Microsoft Visual Studio Solution File, Format Version 12.00
# Visual Studio 2012
Project("{FAE04EC0-301F-11D3-BF4B-00C04F79EFBC}") = "SortingAndSearchingAlgorithms", "SortingAndSearchingAlgorithms\SortingAndSearchingAlgorithms.csproj", "{4F4526E2-9E33-467C-8C62-7AF0117EB97F}"
EndProject
Project("{FAE04EC0-301F-11D3-BF4B-00C04F79EFBC}") = "TestSortingAlgorithms", "TestSortingAlgorithms\TestSortingAlgorithms.csproj", "{4CDA0F7D-8502-465D-9D0D-F9887407C135}"
EndProject
Project("{FAE04EC0-301F-11D3-BF4B-00C04F79EFBC}") = "TestSearchingAlgorithms", "TestSearchingAlgorithms\TestSearchingAlgorithms.csproj", "{B084B75D-0658-4D42-8647-E73C006AFA8E}"
EndProject
Global
	GlobalSection(SolutionConfigurationPlatforms) = preSolution
		Debug|Any CPU = Debug|Any CPU
		Release|Any CPU = Release|Any CPU
	EndGlobalSection
	GlobalSection(ProjectConfigurationPlatforms) = postSolution
		{4F4526E2-9E33-467C-8C62-7AF0117EB97F}.Debug|Any CPU.ActiveCfg = Debug|Any CPU
		{4F4526E2-9E33-467C-8C62-7AF0117EB97F}.Debug|Any CPU.Build.0 = Debug|Any CPU
		{4F4526E2-9E33-467C-8C62-7AF0117EB97F}.Release|Any CPU.ActiveCfg = Release|Any CPU
		{4F4526E2-9E33-467C-8C62-7AF0117EB97F}.Release|Any CPU.Build.0 = Release|Any CPU
		{4CDA0F7D-8502-465D-9D0D-F9887407C135}.Debug|Any CPU.ActiveCfg = Debug|Any CPU
		{4CDA0F7D-8502-465D-9D0D-F9887407C135}.Debug|Any CPU.Build.0 = Debug|Any CPU
		{4CDA0F7D-8502-465D-9D0D-F9887407C135}.Release|Any CPU.ActiveCfg = Release|Any CPU
		{4CDA0F7D-8502-465D-9D0D-F9887407C135}.Release|Any CPU.Build.0 = Release|Any CPU
		{B084B75D-0658-4D42-8647-E73C006AFA8E}.Debug|Any CPU.ActiveCfg = Debug|Any CPU
		{B084B75D-0658-4D42-8647-E73C006AFA8E}.Debug|Any CPU.Build.0 = Debug|Any CPU
		{B084B75D-0658-4D42-8647-E73C006AFA8E}.Release|Any CPU.ActiveCfg = Release|Any CPU
		{B084B75D-0658-4D42-8647-E73C006AFA8E}.Release|Any CPU.Build.0 = Release|Any CPU
	EndGlobalSection
	GlobalSection(SolutionProperties) = preSolution
		HideSolutionNode = FALSE
	EndGlobalSection
EndGlobal
