
Microsoft Visual Studio Solution File, Format Version 12.00
# Visual Studio 2012
Project("{FAE04EC0-301F-11D3-BF4B-00C04F79EFBC}") = "WorkWithTrees", "WorkWithTrees\WorkWithTrees.csproj", "{8B47A8DF-9C4E-4F30-A18B-FC43DBE36865}"
EndProject
Project("{FAE04EC0-301F-11D3-BF4B-00C04F79EFBC}") = "TraverseDirectory", "TraverseDirectory\TraverseDirectory.csproj", "{420D9C6F-3FE8-42D8-B593-281B19F0C184}"
EndProject
Project("{FAE04EC0-301F-11D3-BF4B-00C04F79EFBC}") = "FilesAndDirectoriesTree", "FilesAndDirectoriesTree\FilesAndDirectoriesTree.csproj", "{FB92738A-5919-485F-A47F-A05BFE2B4674}"
EndProject
Global
	GlobalSection(SolutionConfigurationPlatforms) = preSolution
		Debug|Any CPU = Debug|Any CPU
		Release|Any CPU = Release|Any CPU
	EndGlobalSection
	GlobalSection(ProjectConfigurationPlatforms) = postSolution
		{8B47A8DF-9C4E-4F30-A18B-FC43DBE36865}.Debug|Any CPU.ActiveCfg = Debug|Any CPU
		{8B47A8DF-9C4E-4F30-A18B-FC43DBE36865}.Debug|Any CPU.Build.0 = Debug|Any CPU
		{8B47A8DF-9C4E-4F30-A18B-FC43DBE36865}.Release|Any CPU.ActiveCfg = Release|Any CPU
		{8B47A8DF-9C4E-4F30-A18B-FC43DBE36865}.Release|Any CPU.Build.0 = Release|Any CPU
		{420D9C6F-3FE8-42D8-B593-281B19F0C184}.Debug|Any CPU.ActiveCfg = Debug|Any CPU
		{420D9C6F-3FE8-42D8-B593-281B19F0C184}.Debug|Any CPU.Build.0 = Debug|Any CPU
		{420D9C6F-3FE8-42D8-B593-281B19F0C184}.Release|Any CPU.ActiveCfg = Release|Any CPU
		{420D9C6F-3FE8-42D8-B593-281B19F0C184}.Release|Any CPU.Build.0 = Release|Any CPU
		{FB92738A-5919-485F-A47F-A05BFE2B4674}.Debug|Any CPU.ActiveCfg = Debug|Any CPU
		{FB92738A-5919-485F-A47F-A05BFE2B4674}.Debug|Any CPU.Build.0 = Debug|Any CPU
		{FB92738A-5919-485F-A47F-A05BFE2B4674}.Release|Any CPU.ActiveCfg = Release|Any CPU
		{FB92738A-5919-485F-A47F-A05BFE2B4674}.Release|Any CPU.Build.0 = Release|Any CPU
	EndGlobalSection
	GlobalSection(SolutionProperties) = preSolution
		HideSolutionNode = FALSE
	EndGlobalSection
EndGlobal
