
Microsoft Visual Studio Solution File, Format Version 12.00
# Visual Studio 2012
Project("{FAE04EC0-301F-11D3-BF4B-00C04F79EFBC}") = "Shapes", "Shapes\Shapes.csproj", "{A83E1F67-83E5-433E-ABB8-2A330C5A9684}"
EndProject
Project("{FAE04EC0-301F-11D3-BF4B-00C04F79EFBC}") = "RangeException", "RangeException\RangeException.csproj", "{DD4737EB-55F0-47D2-8624-4A340A002562}"
EndProject
Project("{FAE04EC0-301F-11D3-BF4B-00C04F79EFBC}") = "Bank", "Bank\Bank.csproj", "{F9141E2F-4753-4F3A-81EC-9C6E79DA9C96}"
EndProject
Global
	GlobalSection(SolutionConfigurationPlatforms) = preSolution
		Debug|Any CPU = Debug|Any CPU
		Release|Any CPU = Release|Any CPU
	EndGlobalSection
	GlobalSection(ProjectConfigurationPlatforms) = postSolution
		{A83E1F67-83E5-433E-ABB8-2A330C5A9684}.Debug|Any CPU.ActiveCfg = Debug|Any CPU
		{A83E1F67-83E5-433E-ABB8-2A330C5A9684}.Debug|Any CPU.Build.0 = Debug|Any CPU
		{A83E1F67-83E5-433E-ABB8-2A330C5A9684}.Release|Any CPU.ActiveCfg = Release|Any CPU
		{A83E1F67-83E5-433E-ABB8-2A330C5A9684}.Release|Any CPU.Build.0 = Release|Any CPU
		{DD4737EB-55F0-47D2-8624-4A340A002562}.Debug|Any CPU.ActiveCfg = Debug|Any CPU
		{DD4737EB-55F0-47D2-8624-4A340A002562}.Debug|Any CPU.Build.0 = Debug|Any CPU
		{DD4737EB-55F0-47D2-8624-4A340A002562}.Release|Any CPU.ActiveCfg = Release|Any CPU
		{DD4737EB-55F0-47D2-8624-4A340A002562}.Release|Any CPU.Build.0 = Release|Any CPU
		{F9141E2F-4753-4F3A-81EC-9C6E79DA9C96}.Debug|Any CPU.ActiveCfg = Debug|Any CPU
		{F9141E2F-4753-4F3A-81EC-9C6E79DA9C96}.Debug|Any CPU.Build.0 = Debug|Any CPU
		{F9141E2F-4753-4F3A-81EC-9C6E79DA9C96}.Release|Any CPU.ActiveCfg = Release|Any CPU
		{F9141E2F-4753-4F3A-81EC-9C6E79DA9C96}.Release|Any CPU.Build.0 = Release|Any CPU
	EndGlobalSection
	GlobalSection(SolutionProperties) = preSolution
		HideSolutionNode = FALSE
	EndGlobalSection
EndGlobal
