
Microsoft Visual Studio Solution File, Format Version 12.00
# Visual Studio 2012
Project("{FAE04EC0-301F-11D3-BF4B-00C04F79EFBC}") = "ImplementationOfPriorityQueue", "ImplementationOfPriorityQueue\ImplementationOfPriorityQueue.csproj", "{9003700E-B68D-4F1A-8733-A978DE2C035D}"
EndProject
Project("{FAE04EC0-301F-11D3-BF4B-00C04F79EFBC}") = "ProductsCollection", "ProductsCollection\ProductsCollection.csproj", "{A1EE4FC9-3F53-46E6-8400-774A8167153F}"
EndProject
Project("{FAE04EC0-301F-11D3-BF4B-00C04F79EFBC}") = "WordCheking", "WordCheking\WordCheking.csproj", "{6E8B63F5-8A9D-4B3F-9074-96839D277297}"
EndProject
Global
	GlobalSection(SolutionConfigurationPlatforms) = preSolution
		Debug|Any CPU = Debug|Any CPU
		Release|Any CPU = Release|Any CPU
	EndGlobalSection
	GlobalSection(ProjectConfigurationPlatforms) = postSolution
		{9003700E-B68D-4F1A-8733-A978DE2C035D}.Debug|Any CPU.ActiveCfg = Debug|Any CPU
		{9003700E-B68D-4F1A-8733-A978DE2C035D}.Debug|Any CPU.Build.0 = Debug|Any CPU
		{9003700E-B68D-4F1A-8733-A978DE2C035D}.Release|Any CPU.ActiveCfg = Release|Any CPU
		{9003700E-B68D-4F1A-8733-A978DE2C035D}.Release|Any CPU.Build.0 = Release|Any CPU
		{A1EE4FC9-3F53-46E6-8400-774A8167153F}.Debug|Any CPU.ActiveCfg = Debug|Any CPU
		{A1EE4FC9-3F53-46E6-8400-774A8167153F}.Debug|Any CPU.Build.0 = Debug|Any CPU
		{A1EE4FC9-3F53-46E6-8400-774A8167153F}.Release|Any CPU.ActiveCfg = Release|Any CPU
		{A1EE4FC9-3F53-46E6-8400-774A8167153F}.Release|Any CPU.Build.0 = Release|Any CPU
		{6E8B63F5-8A9D-4B3F-9074-96839D277297}.Debug|Any CPU.ActiveCfg = Debug|Any CPU
		{6E8B63F5-8A9D-4B3F-9074-96839D277297}.Debug|Any CPU.Build.0 = Debug|Any CPU
		{6E8B63F5-8A9D-4B3F-9074-96839D277297}.Release|Any CPU.ActiveCfg = Release|Any CPU
		{6E8B63F5-8A9D-4B3F-9074-96839D277297}.Release|Any CPU.Build.0 = Release|Any CPU
	EndGlobalSection
	GlobalSection(SolutionProperties) = preSolution
		HideSolutionNode = FALSE
	EndGlobalSection
EndGlobal
