
Microsoft Visual Studio Solution File, Format Version 12.00
# Visual Studio 2012
Project("{FAE04EC0-301F-11D3-BF4B-00C04F79EFBC}") = "01.ReadIntegerNumbers", "01.ReadIntegerNumbers\01.ReadIntegerNumbers.csproj", "{DD28F47D-E4EF-4E55-BC56-908AEB354E51}"
EndProject
Project("{FAE04EC0-301F-11D3-BF4B-00C04F79EFBC}") = "02.CalculateCirclePerimeterAndArea", "02.CalculateCirclePerimeterAndArea\02.CalculateCirclePerimeterAndArea.csproj", "{D91D4AD3-0C01-485D-9446-B4E1D7814FB0}"
EndProject
Project("{FAE04EC0-301F-11D3-BF4B-00C04F79EFBC}") = "03.CompanyInfo", "03.CompanyInfo\03.CompanyInfo.csproj", "{B5FE05D0-9D85-4A83-AA9E-2E8D90AC1EF8}"
EndProject
Project("{FAE04EC0-301F-11D3-BF4B-00C04F79EFBC}") = "04.NumbersDivisibleToFive", "04.NumbersDivisibleToFive\04.NumbersDivisibleToFive.csproj", "{05612ECE-07A9-44F9-A581-331148F209CF}"
EndProject
Project("{FAE04EC0-301F-11D3-BF4B-00C04F79EFBC}") = "05.PrintsGreaterNumber", "05.PrintsGreaterNumber\05.PrintsGreaterNumber.csproj", "{F6DC57D3-DCDB-41A3-B747-C6A179BFDF70}"
EndProject
Project("{FAE04EC0-301F-11D3-BF4B-00C04F79EFBC}") = "06.QuadraticEquation", "06.QuadraticEquation\06.QuadraticEquation.csproj", "{49253D53-C0D2-41BB-9F8F-E6E2EEA9ED49}"
EndProject
Project("{FAE04EC0-301F-11D3-BF4B-00C04F79EFBC}") = "07.SumEnNumbers", "07.SumEnNumbers\07.SumEnNumbers.csproj", "{D9C78E73-7A21-47F2-9E68-46AB4970D88B}"
EndProject
Project("{FAE04EC0-301F-11D3-BF4B-00C04F79EFBC}") = "08.PrintsNumbersInTheInterval", "08.PrintsNumbersInTheInterval\08.PrintsNumbersInTheInterval.csproj", "{94BE6634-D8A3-4D4D-B07B-203EFD98DAC3}"
EndProject
Project("{FAE04EC0-301F-11D3-BF4B-00C04F79EFBC}") = "09.PrintFirstEnMembersOfFibonaccisSequence", "09.PrintFirstEnMembersOfFibonaccisSequence\09.PrintFirstEnMembersOfFibonaccisSequence.csproj", "{03CCD08D-1E2B-4058-B220-CFBB59A6A165}"
EndProject
Project("{FAE04EC0-301F-11D3-BF4B-00C04F79EFBC}") = "10.CalculateSumWithAccuracy", "10.CalculateSumWithAccuracy\10.CalculateSumWithAccuracy.csproj", "{68E1B3AA-44E2-48C5-985B-D081D07B2B1F}"
EndProject
Global
	GlobalSection(SolutionConfigurationPlatforms) = preSolution
		Debug|Any CPU = Debug|Any CPU
		Release|Any CPU = Release|Any CPU
	EndGlobalSection
	GlobalSection(ProjectConfigurationPlatforms) = postSolution
		{DD28F47D-E4EF-4E55-BC56-908AEB354E51}.Debug|Any CPU.ActiveCfg = Debug|Any CPU
		{DD28F47D-E4EF-4E55-BC56-908AEB354E51}.Debug|Any CPU.Build.0 = Debug|Any CPU
		{DD28F47D-E4EF-4E55-BC56-908AEB354E51}.Release|Any CPU.ActiveCfg = Release|Any CPU
		{DD28F47D-E4EF-4E55-BC56-908AEB354E51}.Release|Any CPU.Build.0 = Release|Any CPU
		{D91D4AD3-0C01-485D-9446-B4E1D7814FB0}.Debug|Any CPU.ActiveCfg = Debug|Any CPU
		{D91D4AD3-0C01-485D-9446-B4E1D7814FB0}.Debug|Any CPU.Build.0 = Debug|Any CPU
		{D91D4AD3-0C01-485D-9446-B4E1D7814FB0}.Release|Any CPU.ActiveCfg = Release|Any CPU
		{D91D4AD3-0C01-485D-9446-B4E1D7814FB0}.Release|Any CPU.Build.0 = Release|Any CPU
		{B5FE05D0-9D85-4A83-AA9E-2E8D90AC1EF8}.Debug|Any CPU.ActiveCfg = Debug|Any CPU
		{B5FE05D0-9D85-4A83-AA9E-2E8D90AC1EF8}.Debug|Any CPU.Build.0 = Debug|Any CPU
		{B5FE05D0-9D85-4A83-AA9E-2E8D90AC1EF8}.Release|Any CPU.ActiveCfg = Release|Any CPU
		{B5FE05D0-9D85-4A83-AA9E-2E8D90AC1EF8}.Release|Any CPU.Build.0 = Release|Any CPU
		{05612ECE-07A9-44F9-A581-331148F209CF}.Debug|Any CPU.ActiveCfg = Debug|Any CPU
		{05612ECE-07A9-44F9-A581-331148F209CF}.Debug|Any CPU.Build.0 = Debug|Any CPU
		{05612ECE-07A9-44F9-A581-331148F209CF}.Release|Any CPU.ActiveCfg = Release|Any CPU
		{05612ECE-07A9-44F9-A581-331148F209CF}.Release|Any CPU.Build.0 = Release|Any CPU
		{F6DC57D3-DCDB-41A3-B747-C6A179BFDF70}.Debug|Any CPU.ActiveCfg = Debug|Any CPU
		{F6DC57D3-DCDB-41A3-B747-C6A179BFDF70}.Debug|Any CPU.Build.0 = Debug|Any CPU
		{F6DC57D3-DCDB-41A3-B747-C6A179BFDF70}.Release|Any CPU.ActiveCfg = Release|Any CPU
		{F6DC57D3-DCDB-41A3-B747-C6A179BFDF70}.Release|Any CPU.Build.0 = Release|Any CPU
		{49253D53-C0D2-41BB-9F8F-E6E2EEA9ED49}.Debug|Any CPU.ActiveCfg = Debug|Any CPU
		{49253D53-C0D2-41BB-9F8F-E6E2EEA9ED49}.Debug|Any CPU.Build.0 = Debug|Any CPU
		{49253D53-C0D2-41BB-9F8F-E6E2EEA9ED49}.Release|Any CPU.ActiveCfg = Release|Any CPU
		{49253D53-C0D2-41BB-9F8F-E6E2EEA9ED49}.Release|Any CPU.Build.0 = Release|Any CPU
		{D9C78E73-7A21-47F2-9E68-46AB4970D88B}.Debug|Any CPU.ActiveCfg = Debug|Any CPU
		{D9C78E73-7A21-47F2-9E68-46AB4970D88B}.Debug|Any CPU.Build.0 = Debug|Any CPU
		{D9C78E73-7A21-47F2-9E68-46AB4970D88B}.Release|Any CPU.ActiveCfg = Release|Any CPU
		{D9C78E73-7A21-47F2-9E68-46AB4970D88B}.Release|Any CPU.Build.0 = Release|Any CPU
		{94BE6634-D8A3-4D4D-B07B-203EFD98DAC3}.Debug|Any CPU.ActiveCfg = Debug|Any CPU
		{94BE6634-D8A3-4D4D-B07B-203EFD98DAC3}.Debug|Any CPU.Build.0 = Debug|Any CPU
		{94BE6634-D8A3-4D4D-B07B-203EFD98DAC3}.Release|Any CPU.ActiveCfg = Release|Any CPU
		{94BE6634-D8A3-4D4D-B07B-203EFD98DAC3}.Release|Any CPU.Build.0 = Release|Any CPU
		{03CCD08D-1E2B-4058-B220-CFBB59A6A165}.Debug|Any CPU.ActiveCfg = Debug|Any CPU
		{03CCD08D-1E2B-4058-B220-CFBB59A6A165}.Debug|Any CPU.Build.0 = Debug|Any CPU
		{03CCD08D-1E2B-4058-B220-CFBB59A6A165}.Release|Any CPU.ActiveCfg = Release|Any CPU
		{03CCD08D-1E2B-4058-B220-CFBB59A6A165}.Release|Any CPU.Build.0 = Release|Any CPU
		{68E1B3AA-44E2-48C5-985B-D081D07B2B1F}.Debug|Any CPU.ActiveCfg = Debug|Any CPU
		{68E1B3AA-44E2-48C5-985B-D081D07B2B1F}.Debug|Any CPU.Build.0 = Debug|Any CPU
		{68E1B3AA-44E2-48C5-985B-D081D07B2B1F}.Release|Any CPU.ActiveCfg = Release|Any CPU
		{68E1B3AA-44E2-48C5-985B-D081D07B2B1F}.Release|Any CPU.Build.0 = Release|Any CPU
	EndGlobalSection
	GlobalSection(SolutionProperties) = preSolution
		HideSolutionNode = FALSE
	EndGlobalSection
EndGlobal
